// !$*UTF8*$!
{
	archiveVersion = 1;
	classes = {
	};
	objectVersion = 56;
	objects = {

/* Begin PBXBuildFile section */
		548F8EE02A1B929F0046BE4D /* AppDelegate.swift in Sources */ = {isa = PBXBuildFile; fileRef = 548F8EDF2A1B929F0046BE4D /* AppDelegate.swift */; };
		548F8EE22A1B929F0046BE4D /* SceneDelegate.swift in Sources */ = {isa = PBXBuildFile; fileRef = 548F8EE12A1B929F0046BE4D /* SceneDelegate.swift */; };
		548F8EE42A1B929F0046BE4D /* ViewController.swift in Sources */ = {isa = PBXBuildFile; fileRef = 548F8EE32A1B929F0046BE4D /* ViewController.swift */; };
		548F8EE72A1B929F0046BE4D /* Main.storyboard in Resources */ = {isa = PBXBuildFile; fileRef = 548F8EE52A1B929F0046BE4D /* Main.storyboard */; };
		548F8EE92A1B92A10046BE4D /* Assets.xcassets in Resources */ = {isa = PBXBuildFile; fileRef = 548F8EE82A1B92A10046BE4D /* Assets.xcassets */; };
		548F8EEC2A1B92A10046BE4D /* LaunchScreen.storyboard in Resources */ = {isa = PBXBuildFile; fileRef = 548F8EEA2A1B92A10046BE4D /* LaunchScreen.storyboard */; };
		548F8EF72A1B92A10046BE4D /* TestCITests.swift in Sources */ = {isa = PBXBuildFile; fileRef = 548F8EF62A1B92A10046BE4D /* TestCITests.swift */; };
		548F8F012A1B92A10046BE4D /* TestCIUITests.swift in Sources */ = {isa = PBXBuildFile; fileRef = 548F8F002A1B92A10046BE4D /* TestCIUITests.swift */; };
		548F8F032A1B92A10046BE4D /* TestCIUITestsLaunchTests.swift in Sources */ = {isa = PBXBuildFile; fileRef = 548F8F022A1B92A10046BE4D /* TestCIUITestsLaunchTests.swift */; };
/* End PBXBuildFile section */

/* Begin PBXContainerItemProxy section */
		548F8EF32A1B92A10046BE4D /* PBXContainerItemProxy */ = {
			isa = PBXContainerItemProxy;
			containerPortal = 548F8ED42A1B929F0046BE4D /* Project object */;
			proxyType = 1;
			remoteGlobalIDString = 548F8EDB2A1B929F0046BE4D;
			remoteInfo = TestCI;
		};
		548F8EFD2A1B92A10046BE4D /* PBXContainerItemProxy */ = {
			isa = PBXContainerItemProxy;
			containerPortal = 548F8ED42A1B929F0046BE4D /* Project object */;
			proxyType = 1;
			remoteGlobalIDString = 548F8EDB2A1B929F0046BE4D;
			remoteInfo = TestCI;
		};
/* End PBXContainerItemProxy section */

/* Begin PBXFileReference section */
		548F8EDC2A1B929F0046BE4D /* TestCI.app */ = {isa = PBXFileReference; explicitFileType = wrapper.application; includeInIndex = 0; path = TestCI.app; sourceTree = BUILT_PRODUCTS_DIR; };
		548F8EDF2A1B929F0046BE4D /* AppDelegate.swift */ = {isa = PBXFileReference; lastKnownFileType = sourcecode.swift; path = AppDelegate.swift; sourceTree = "<group>"; };
		548F8EE12A1B929F0046BE4D /* SceneDelegate.swift */ = {isa = PBXFileReference; lastKnownFileType = sourcecode.swift; path = SceneDelegate.swift; sourceTree = "<group>"; };
		548F8EE32A1B929F0046BE4D /* ViewController.swift */ = {isa = PBXFileReference; lastKnownFileType = sourcecode.swift; path = ViewController.swift; sourceTree = "<group>"; };
		548F8EE62A1B929F0046BE4D /* Base */ = {isa = PBXFileReference; lastKnownFileType = file.storyboard; name = Base; path = Base.lproj/Main.storyboard; sourceTree = "<group>"; };
		548F8EE82A1B92A10046BE4D /* Assets.xcassets */ = {isa = PBXFileReference; lastKnownFileType = folder.assetcatalog; path = Assets.xcassets; sourceTree = "<group>"; };
		548F8EEB2A1B92A10046BE4D /* Base */ = {isa = PBXFileReference; lastKnownFileType = file.storyboard; name = Base; path = Base.lproj/LaunchScreen.storyboard; sourceTree = "<group>"; };
		548F8EED2A1B92A10046BE4D /* Info.plist */ = {isa = PBXFileReference; lastKnownFileType = text.plist.xml; path = Info.plist; sourceTree = "<group>"; };
		548F8EF22A1B92A10046BE4D /* TestCITests.xctest */ = {isa = PBXFileReference; explicitFileType = wrapper.cfbundle; includeInIndex = 0; path = TestCITests.xctest; sourceTree = BUILT_PRODUCTS_DIR; };
		548F8EF62A1B92A10046BE4D /* TestCITests.swift */ = {isa = PBXFileReference; lastKnownFileType = sourcecode.swift; path = TestCITests.swift; sourceTree = "<group>"; };
		548F8EFC2A1B92A10046BE4D /* TestCIUITests.xctest */ = {isa = PBXFileReference; explicitFileType = wrapper.cfbundle; includeInIndex = 0; path = TestCIUITests.xctest; sourceTree = BUILT_PRODUCTS_DIR; };
		548F8F002A1B92A10046BE4D /* TestCIUITests.swift */ = {isa = PBXFileReference; lastKnownFileType = sourcecode.swift; path = TestCIUITests.swift; sourceTree = "<group>"; };
		548F8F022A1B92A10046BE4D /* TestCIUITestsLaunchTests.swift */ = {isa = PBXFileReference; lastKnownFileType = sourcecode.swift; path = TestCIUITestsLaunchTests.swift; sourceTree = "<group>"; };
/* End PBXFileReference section */

/* Begin PBXFrameworksBuildPhase section */
		548F8ED92A1B929F0046BE4D /* Frameworks */ = {
			isa = PBXFrameworksBuildPhase;
			buildActionMask = 2147483647;
			files = (
			);
			runOnlyForDeploymentPostprocessing = 0;
		};
		548F8EEF2A1B92A10046BE4D /* Frameworks */ = {
			isa = PBXFrameworksBuildPhase;
			buildActionMask = 2147483647;
			files = (
			);
			runOnlyForDeploymentPostprocessing = 0;
		};
		548F8EF92A1B92A10046BE4D /* Frameworks */ = {
			isa = PBXFrameworksBuildPhase;
			buildActionMask = 2147483647;
			files = (
			);
			runOnlyForDeploymentPostprocessing = 0;
		};
/* End PBXFrameworksBuildPhase section */

/* Begin PBXGroup section */
		548F8ED32A1B929F0046BE4D = {
			isa = PBXGroup;
			children = (
				548F8EDE2A1B929F0046BE4D /* TestCI */,
				548F8EF52A1B92A10046BE4D /* TestCITests */,
				548F8EFF2A1B92A10046BE4D /* TestCIUITests */,
				548F8EDD2A1B929F0046BE4D /* Products */,
			);
			sourceTree = "<group>";
		};
		548F8EDD2A1B929F0046BE4D /* Products */ = {
			isa = PBXGroup;
			children = (
				548F8EDC2A1B929F0046BE4D /* TestCI.app */,
				548F8EF22A1B92A10046BE4D /* TestCITests.xctest */,
				548F8EFC2A1B92A10046BE4D /* TestCIUITests.xctest */,
			);
			name = Products;
			sourceTree = "<group>";
		};
		548F8EDE2A1B929F0046BE4D /* TestCI */ = {
			isa = PBXGroup;
			children = (
				548F8EDF2A1B929F0046BE4D /* AppDelegate.swift */,
				548F8EE12A1B929F0046BE4D /* SceneDelegate.swift */,
				548F8EE32A1B929F0046BE4D /* ViewController.swift */,
				548F8EE52A1B929F0046BE4D /* Main.storyboard */,
				548F8EE82A1B92A10046BE4D /* Assets.xcassets */,
				548F8EEA2A1B92A10046BE4D /* LaunchScreen.storyboard */,
				548F8EED2A1B92A10046BE4D /* Info.plist */,
			);
			path = TestCI;
			sourceTree = "<group>";
		};
		548F8EF52A1B92A10046BE4D /* TestCITests */ = {
			isa = PBXGroup;
			children = (
				548F8EF62A1B92A10046BE4D /* TestCITests.swift */,
			);
			path = TestCITests;
			sourceTree = "<group>";
		};
		548F8EFF2A1B92A10046BE4D /* TestCIUITests */ = {
			isa = PBXGroup;
			children = (
				548F8F002A1B92A10046BE4D /* TestCIUITests.swift */,
				548F8F022A1B92A10046BE4D /* TestCIUITestsLaunchTests.swift */,
			);
			path = TestCIUITests;
			sourceTree = "<group>";
		};
/* End PBXGroup section */

/* Begin PBXNativeTarget section */
		548F8EDB2A1B929F0046BE4D /* TestCI */ = {
			isa = PBXNativeTarget;
			buildConfigurationList = 548F8F062A1B92A10046BE4D /* Build configuration list for PBXNativeTarget "TestCI" */;
			buildPhases = (
				548F8ED82A1B929F0046BE4D /* Sources */,
				548F8ED92A1B929F0046BE4D /* Frameworks */,
				548F8EDA2A1B929F0046BE4D /* Resources */,
			);
			buildRules = (
			);
			dependencies = (
			);
			name = TestCI;
			productName = TestCI;
			productReference = 548F8EDC2A1B929F0046BE4D /* TestCI.app */;
			productType = "com.apple.product-type.application";
		};
		548F8EF12A1B92A10046BE4D /* TestCITests */ = {
			isa = PBXNativeTarget;
			buildConfigurationList = 548F8F092A1B92A10046BE4D /* Build configuration list for PBXNativeTarget "TestCITests" */;
			buildPhases = (
				548F8EEE2A1B92A10046BE4D /* Sources */,
				548F8EEF2A1B92A10046BE4D /* Frameworks */,
				548F8EF02A1B92A10046BE4D /* Resources */,
			);
			buildRules = (
			);
			dependencies = (
				548F8EF42A1B92A10046BE4D /* PBXTargetDependency */,
			);
			name = TestCITests;
			productName = TestCITests;
			productReference = 548F8EF22A1B92A10046BE4D /* TestCITests.xctest */;
			productType = "com.apple.product-type.bundle.unit-test";
		};
		548F8EFB2A1B92A10046BE4D /* TestCIUITests */ = {
			isa = PBXNativeTarget;
			buildConfigurationList = 548F8F0C2A1B92A10046BE4D /* Build configuration list for PBXNativeTarget "TestCIUITests" */;
			buildPhases = (
				548F8EF82A1B92A10046BE4D /* Sources */,
				548F8EF92A1B92A10046BE4D /* Frameworks */,
				548F8EFA2A1B92A10046BE4D /* Resources */,
			);
			buildRules = (
			);
			dependencies = (
				548F8EFE2A1B92A10046BE4D /* PBXTargetDependency */,
			);
			name = TestCIUITests;
			productName = TestCIUITests;
			productReference = 548F8EFC2A1B92A10046BE4D /* TestCIUITests.xctest */;
			productType = "com.apple.product-type.bundle.ui-testing";
		};
/* End PBXNativeTarget section */

/* Begin PBXProject section */
		548F8ED42A1B929F0046BE4D /* Project object */ = {
			isa = PBXProject;
			attributes = {
				BuildIndependentTargetsInParallel = 1;
				LastSwiftUpdateCheck = 1430;
				LastUpgradeCheck = 1430;
				TargetAttributes = {
					548F8EDB2A1B929F0046BE4D = {
						CreatedOnToolsVersion = 14.3;
					};
					548F8EF12A1B92A10046BE4D = {
						CreatedOnToolsVersion = 14.3;
						TestTargetID = 548F8EDB2A1B929F0046BE4D;
					};
					548F8EFB2A1B92A10046BE4D = {
						CreatedOnToolsVersion = 14.3;
						TestTargetID = 548F8EDB2A1B929F0046BE4D;
					};
				};
			};
			buildConfigurationList = 548F8ED72A1B929F0046BE4D /* Build configuration list for PBXProject "TestCI" */;
			compatibilityVersion = "Xcode 14.0";
			developmentRegion = en;
			hasScannedForEncodings = 0;
			knownRegions = (
				en,
				Base,
			);
			mainGroup = 548F8ED32A1B929F0046BE4D;
			productRefGroup = 548F8EDD2A1B929F0046BE4D /* Products */;
			projectDirPath = "";
			projectRoot = "";
			targets = (
				548F8EDB2A1B929F0046BE4D /* TestCI */,
				548F8EF12A1B92A10046BE4D /* TestCITests */,
				548F8EFB2A1B92A10046BE4D /* TestCIUITests */,
			);
		};
/* End PBXProject section */

/* Begin PBXResourcesBuildPhase section */
		548F8EDA2A1B929F0046BE4D /* Resources */ = {
			isa = PBXResourcesBuildPhase;
			buildActionMask = 2147483647;
			files = (
				548F8EEC2A1B92A10046BE4D /* LaunchScreen.storyboard in Resources */,
				548F8EE92A1B92A10046BE4D /* Assets.xcassets in Resources */,
				548F8EE72A1B929F0046BE4D /* Main.storyboard in Resources */,
			);
			runOnlyForDeploymentPostprocessing = 0;
		};
		548F8EF02A1B92A10046BE4D /* Resources */ = {
			isa = PBXResourcesBuildPhase;
			buildActionMask = 2147483647;
			files = (
			);
			runOnlyForDeploymentPostprocessing = 0;
		};
		548F8EFA2A1B92A10046BE4D /* Resources */ = {
			isa = PBXResourcesBuildPhase;
			buildActionMask = 2147483647;
			files = (
			);
			runOnlyForDeploymentPostprocessing = 0;
		};
/* End PBXResourcesBuildPhase section */

/* Begin PBXSourcesBuildPhase section */
		548F8ED82A1B929F0046BE4D /* Sources */ = {
			isa = PBXSourcesBuildPhase;
			buildActionMask = 2147483647;
			files = (
				548F8EE42A1B929F0046BE4D /* ViewController.swift in Sources */,
				548F8EE02A1B929F0046BE4D /* AppDelegate.swift in Sources */,
				548F8EE22A1B929F0046BE4D /* SceneDelegate.swift in Sources */,
			);
			runOnlyForDeploymentPostprocessing = 0;
		};
		548F8EEE2A1B92A10046BE4D /* Sources */ = {
			isa = PBXSourcesBuildPhase;
			buildActionMask = 2147483647;
			files = (
				548F8EF72A1B92A10046BE4D /* TestCITests.swift in Sources */,
			);
			runOnlyForDeploymentPostprocessing = 0;
		};
		548F8EF82A1B92A10046BE4D /* Sources */ = {
			isa = PBXSourcesBuildPhase;
			buildActionMask = 2147483647;
			files = (
				548F8F032A1B92A10046BE4D /* TestCIUITestsLaunchTests.swift in Sources */,
				548F8F012A1B92A10046BE4D /* TestCIUITests.swift in Sources */,
			);
			runOnlyForDeploymentPostprocessing = 0;
		};
/* End PBXSourcesBuildPhase section */

/* Begin PBXTargetDependency section */
		548F8EF42A1B92A10046BE4D /* PBXTargetDependency */ = {
			isa = PBXTargetDependency;
			target = 548F8EDB2A1B929F0046BE4D /* TestCI */;
			targetProxy = 548F8EF32A1B92A10046BE4D /* PBXContainerItemProxy */;
		};
		548F8EFE2A1B92A10046BE4D /* PBXTargetDependency */ = {
			isa = PBXTargetDependency;
			target = 548F8EDB2A1B929F0046BE4D /* TestCI */;
			targetProxy = 548F8EFD2A1B92A10046BE4D /* PBXContainerItemProxy */;
		};
/* End PBXTargetDependency section */

/* Begin PBXVariantGroup section */
		548F8EE52A1B929F0046BE4D /* Main.storyboard */ = {
			isa = PBXVariantGroup;
			children = (
				548F8EE62A1B929F0046BE4D /* Base */,
			);
			name = Main.storyboard;
			sourceTree = "<group>";
		};
		548F8EEA2A1B92A10046BE4D /* LaunchScreen.storyboard */ = {
			isa = PBXVariantGroup;
			children = (
				548F8EEB2A1B92A10046BE4D /* Base */,
			);
			name = LaunchScreen.storyboard;
			sourceTree = "<group>";
		};
/* End PBXVariantGroup section */

/* Begin XCBuildConfiguration section */
		548F8F042A1B92A10046BE4D /* Debug */ = {
			isa = XCBuildConfiguration;
			buildSettings = {
				ALWAYS_SEARCH_USER_PATHS = NO;
				CLANG_ANALYZER_NONNULL = YES;
				CLANG_ANALYZER_NUMBER_OBJECT_CONVERSION = YES_AGGRESSIVE;
				CLANG_CXX_LANGUAGE_STANDARD = "gnu++20";
				CLANG_ENABLE_MODULES = YES;
				CLANG_ENABLE_OBJC_ARC = YES;
				CLANG_ENABLE_OBJC_WEAK = YES;
				CLANG_WARN_BLOCK_CAPTURE_AUTORELEASING = YES;
				CLANG_WARN_BOOL_CONVERSION = YES;
				CLANG_WARN_COMMA = YES;
				CLANG_WARN_CONSTANT_CONVERSION = YES;
				CLANG_WARN_DEPRECATED_OBJC_IMPLEMENTATIONS = YES;
				CLANG_WARN_DIRECT_OBJC_ISA_USAGE = YES_ERROR;
				CLANG_WARN_DOCUMENTATION_COMMENTS = YES;
				CLANG_WARN_EMPTY_BODY = YES;
				CLANG_WARN_ENUM_CONVERSION = YES;
				CLANG_WARN_INFINITE_RECURSION = YES;
				CLANG_WARN_INT_CONVERSION = YES;
				CLANG_WARN_NON_LITERAL_NULL_CONVERSION = YES;
				CLANG_WARN_OBJC_IMPLICIT_RETAIN_SELF = YES;
				CLANG_WARN_OBJC_LITERAL_CONVERSION = YES;
				CLANG_WARN_OBJC_ROOT_CLASS = YES_ERROR;
				CLANG_WARN_QUOTED_INCLUDE_IN_FRAMEWORK_HEADER = YES;
				CLANG_WARN_RANGE_LOOP_ANALYSIS = YES;
				CLANG_WARN_STRICT_PROTOTYPES = YES;
				CLANG_WARN_SUSPICIOUS_MOVE = YES;
				CLANG_WARN_UNGUARDED_AVAILABILITY = YES_AGGRESSIVE;
				CLANG_WARN_UNREACHABLE_CODE = YES;
				CLANG_WARN__DUPLICATE_METHOD_MATCH = YES;
				COPY_PHASE_STRIP = NO;
				DEBUG_INFORMATION_FORMAT = dwarf;
				ENABLE_STRICT_OBJC_MSGSEND = YES;
				ENABLE_TESTABILITY = YES;
				GCC_C_LANGUAGE_STANDARD = gnu11;
				GCC_DYNAMIC_NO_PIC = NO;
				GCC_NO_COMMON_BLOCKS = YES;
				GCC_OPTIMIZATION_LEVEL = 0;
				GCC_PREPROCESSOR_DEFINITIONS = (
					"DEBUG=1",
					"$(inherited)",
				);
				GCC_WARN_64_TO_32_BIT_CONVERSION = YES;
				GCC_WARN_ABOUT_RETURN_TYPE = YES_ERROR;
				GCC_WARN_UNDECLARED_SELECTOR = YES;
				GCC_WARN_UNINITIALIZED_AUTOS = YES_AGGRESSIVE;
				GCC_WARN_UNUSED_FUNCTION = YES;
				GCC_WARN_UNUSED_VARIABLE = YES;
				IPHONEOS_DEPLOYMENT_TARGET = 16.4;
				MTL_ENABLE_DEBUG_INFO = INCLUDE_SOURCE;
				MTL_FAST_MATH = YES;
				ONLY_ACTIVE_ARCH = YES;
				SDKROOT = iphoneos;
				SWIFT_ACTIVE_COMPILATION_CONDITIONS = DEBUG;
				SWIFT_OPTIMIZATION_LEVEL = "-Onone";
			};
			name = Debug;
		};
		548F8F052A1B92A10046BE4D /* Release */ = {
			isa = XCBuildConfiguration;
			buildSettings = {
				ALWAYS_SEARCH_USER_PATHS = NO;
				CLANG_ANALYZER_NONNULL = YES;
				CLANG_ANALYZER_NUMBER_OBJECT_CONVERSION = YES_AGGRESSIVE;
				CLANG_CXX_LANGUAGE_STANDARD = "gnu++20";
				CLANG_ENABLE_MODULES = YES;
				CLANG_ENABLE_OBJC_ARC = YES;
				CLANG_ENABLE_OBJC_WEAK = YES;
				CLANG_WARN_BLOCK_CAPTURE_AUTORELEASING = YES;
				CLANG_WARN_BOOL_CONVERSION = YES;
				CLANG_WARN_COMMA = YES;
				CLANG_WARN_CONSTANT_CONVERSION = YES;
				CLANG_WARN_DEPRECATED_OBJC_IMPLEMENTATIONS = YES;
				CLANG_WARN_DIRECT_OBJC_ISA_USAGE = YES_ERROR;
				CLANG_WARN_DOCUMENTATION_COMMENTS = YES;
				CLANG_WARN_EMPTY_BODY = YES;
				CLANG_WARN_ENUM_CONVERSION = YES;
				CLANG_WARN_INFINITE_RECURSION = YES;
				CLANG_WARN_INT_CONVERSION = YES;
				CLANG_WARN_NON_LITERAL_NULL_CONVERSION = YES;
				CLANG_WARN_OBJC_IMPLICIT_RETAIN_SELF = YES;
				CLANG_WARN_OBJC_LITERAL_CONVERSION = YES;
				CLANG_WARN_OBJC_ROOT_CLASS = YES_ERROR;
				CLANG_WARN_QUOTED_INCLUDE_IN_FRAMEWORK_HEADER = YES;
				CLANG_WARN_RANGE_LOOP_ANALYSIS = YES;
				CLANG_WARN_STRICT_PROTOTYPES = YES;
				CLANG_WARN_SUSPICIOUS_MOVE = YES;
				CLANG_WARN_UNGUARDED_AVAILABILITY = YES_AGGRESSIVE;
				CLANG_WARN_UNREACHABLE_CODE = YES;
				CLANG_WARN__DUPLICATE_METHOD_MATCH = YES;
				COPY_PHASE_STRIP = NO;
				DEBUG_INFORMATION_FORMAT = "dwarf-with-dsym";
				ENABLE_NS_ASSERTIONS = NO;
				ENABLE_STRICT_OBJC_MSGSEND = YES;
				GCC_C_LANGUAGE_STANDARD = gnu11;
				GCC_NO_COMMON_BLOCKS = YES;
				GCC_WARN_64_TO_32_BIT_CONVERSION = YES;
				GCC_WARN_ABOUT_RETURN_TYPE = YES_ERROR;
				GCC_WARN_UNDECLARED_SELECTOR = YES;
				GCC_WARN_UNINITIALIZED_AUTOS = YES_AGGRESSIVE;
				GCC_WARN_UNUSED_FUNCTION = YES;
				GCC_WARN_UNUSED_VARIABLE = YES;
				IPHONEOS_DEPLOYMENT_TARGET = 16.4;
				MTL_ENABLE_DEBUG_INFO = NO;
				MTL_FAST_MATH = YES;
				SDKROOT = iphoneos;
				SWIFT_COMPILATION_MODE = wholemodule;
				SWIFT_OPTIMIZATION_LEVEL = "-O";
				VALIDATE_PRODUCT = YES;
			};
			name = Release;
		};
		548F8F072A1B92A10046BE4D /* Debug */ = {
			isa = XCBuildConfiguration;
			buildSettings = {
				ASSETCATALOG_COMPILER_APPICON_NAME = AppIcon;
				ASSETCATALOG_COMPILER_GLOBAL_ACCENT_COLOR_NAME = AccentColor;
				CODE_SIGN_STYLE = Automatic;
				CURRENT_PROJECT_VERSION = 1;
				DEVELOPMENT_TEAM = KS5GD74J24;
				GENERATE_INFOPLIST_FILE = YES;
				INFOPLIST_FILE = TestCI/Info.plist;
				INFOPLIST_KEY_UIApplicationSupportsIndirectInputEvents = YES;
				INFOPLIST_KEY_UILaunchStoryboardName = LaunchScreen;
				INFOPLIST_KEY_UIMainStoryboardFile = Main;
				INFOPLIST_KEY_UISupportedInterfaceOrientations_iPad = "UIInterfaceOrientationPortrait UIInterfaceOrientationPortraitUpsideDown UIInterfaceOrientationLandscapeLeft UIInterfaceOrientationLandscapeRight";
				INFOPLIST_KEY_UISupportedInterfaceOrientations_iPhone = "UIInterfaceOrientationPortrait UIInterfaceOrientationLandscapeLeft UIInterfaceOrientationLandscapeRight";
				IPHONEOS_DEPLOYMENT_TARGET = 14.0;
				LD_RUNPATH_SEARCH_PATHS = (
					"$(inherited)",
					"@executable_path/Frameworks",
				);
				MARKETING_VERSION = 1.0;
				PRODUCT_BUNDLE_IDENTIFIER = com.test.app.TestCI;
				PRODUCT_NAME = "$(TARGET_NAME)";
				SUPPORTED_PLATFORMS = "iphoneos iphonesimulator";
				SUPPORTS_MACCATALYST = NO;
				SUPPORTS_MAC_DESIGNED_FOR_IPHONE_IPAD = NO;
				SWIFT_EMIT_LOC_STRINGS = YES;
				SWIFT_VERSION = 5.0;
				TARGETED_DEVICE_FAMILY = 1;
			};
			name = Debug;
		};
		548F8F082A1B92A10046BE4D /* Release */ = {
			isa = XCBuildConfiguration;
			buildSettings = {
				ASSETCATALOG_COMPILER_APPICON_NAME = AppIcon;
				ASSETCATALOG_COMPILER_GLOBAL_ACCENT_COLOR_NAME = AccentColor;
				CODE_SIGN_STYLE = Automatic;
				CURRENT_PROJECT_VERSION = 1;
				DEVELOPMENT_TEAM = KS5GD74J24;
				GENERATE_INFOPLIST_FILE = YES;
				INFOPLIST_FILE = TestCI/Info.plist;
				INFOPLIST_KEY_UIApplicationSupportsIndirectInputEvents = YES;
				INFOPLIST_KEY_UILaunchStoryboardName = LaunchScreen;
				INFOPLIST_KEY_UIMainStoryboardFile = Main;
				INFOPLIST_KEY_UISupportedInterfaceOrientations_iPad = "UIInterfaceOrientationPortrait UIInterfaceOrientationPortraitUpsideDown UIInterfaceOrientationLandscapeLeft UIInterfaceOrientationLandscapeRight";
				INFOPLIST_KEY_UISupportedInterfaceOrientations_iPhone = "UIInterfaceOrientationPortrait UIInterfaceOrientationLandscapeLeft UIInterfaceOrientationLandscapeRight";
				IPHONEOS_DEPLOYMENT_TARGET = 14.0;
				LD_RUNPATH_SEARCH_PATHS = (
					"$(inherited)",
					"@executable_path/Frameworks",
				);
				MARKETING_VERSION = 1.0;
				PRODUCT_BUNDLE_IDENTIFIER = com.test.app.TestCI;
				PRODUCT_NAME = "$(TARGET_NAME)";
				SUPPORTED_PLATFORMS = "iphoneos iphonesimulator";
				SUPPORTS_MACCATALYST = NO;
				SUPPORTS_MAC_DESIGNED_FOR_IPHONE_IPAD = NO;
				SWIFT_EMIT_LOC_STRINGS = YES;
				SWIFT_VERSION = 5.0;
				TARGETED_DEVICE_FAMILY = 1;
			};
			name = Release;
		};
		548F8F0A2A1B92A10046BE4D /* Debug */ = {
			isa = XCBuildConfiguration;
			buildSettings = {
				ALWAYS_EMBED_SWIFT_STANDARD_LIBRARIES = YES;
				BUNDLE_LOADER = "$(TEST_HOST)";
				CODE_SIGN_STYLE = Automatic;
				CURRENT_PROJECT_VERSION = 1;
				DEVELOPMENT_TEAM = KS5GD74J24;
				GENERATE_INFOPLIST_FILE = YES;
				IPHONEOS_DEPLOYMENT_TARGET = 14.0;
				MARKETING_VERSION = 1.0;
				PRODUCT_BUNDLE_IDENTIFIER = com.test.app.TestCITests;
				PRODUCT_NAME = "$(TARGET_NAME)";
				SUPPORTED_PLATFORMS = "iphoneos iphonesimulator";
				SUPPORTS_MACCATALYST = NO;
				SUPPORTS_MAC_DESIGNED_FOR_IPHONE_IPAD = NO;
				SWIFT_EMIT_LOC_STRINGS = NO;
				SWIFT_VERSION = 5.0;
				TARGETED_DEVICE_FAMILY = 1;
				TEST_HOST = "$(BUILT_PRODUCTS_DIR)/TestCI.app/$(BUNDLE_EXECUTABLE_FOLDER_PATH)/TestCI";
			};
			name = Debug;
		};
		548F8F0B2A1B92A10046BE4D /* Release */ = {
			isa = XCBuildConfiguration;
			buildSettings = {
				ALWAYS_EMBED_SWIFT_STANDARD_LIBRARIES = YES;
				BUNDLE_LOADER = "$(TEST_HOST)";
				CODE_SIGN_STYLE = Automatic;
				CURRENT_PROJECT_VERSION = 1;
				DEVELOPMENT_TEAM = KS5GD74J24;
				GENERATE_INFOPLIST_FILE = YES;
				IPHONEOS_DEPLOYMENT_TARGET = 14.0;
				MARKETING_VERSION = 1.0;
				PRODUCT_BUNDLE_IDENTIFIER = com.test.app.TestCITests;
				PRODUCT_NAME = "$(TARGET_NAME)";
				SUPPORTED_PLATFORMS = "iphoneos iphonesimulator";
				SUPPORTS_MACCATALYST = NO;
				SUPPORTS_MAC_DESIGNED_FOR_IPHONE_IPAD = NO;
				SWIFT_EMIT_LOC_STRINGS = NO;
				SWIFT_VERSION = 5.0;
				TARGETED_DEVICE_FAMILY = 1;
				TEST_HOST = "$(BUILT_PRODUCTS_DIR)/TestCI.app/$(BUNDLE_EXECUTABLE_FOLDER_PATH)/TestCI";
			};
			name = Release;
		};
		548F8F0D2A1B92A10046BE4D /* Debug */ = {
			isa = XCBuildConfiguration;
			buildSettings = {
				ALWAYS_EMBED_SWIFT_STANDARD_LIBRARIES = YES;
				CODE_SIGN_STYLE = Automatic;
				CURRENT_PROJECT_VERSION = 1;
				DEVELOPMENT_TEAM = KS5GD74J24;
				GENERATE_INFOPLIST_FILE = YES;
				MARKETING_VERSION = 1.0;
				PRODUCT_BUNDLE_IDENTIFIER = com.test.app.TestCIUITests;
				PRODUCT_NAME = "$(TARGET_NAME)";
				SWIFT_EMIT_LOC_STRINGS = NO;
				SWIFT_VERSION = 5.0;
				TARGETED_DEVICE_FAMILY = "1,2";
				TEST_TARGET_NAME = TestCI;
			};
			name = Debug;
		};
		548F8F0E2A1B92A10046BE4D /* Release */ = {
			isa = XCBuildConfiguration;
			buildSettings = {
				ALWAYS_EMBED_SWIFT_STANDARD_LIBRARIES = YES;
				CODE_SIGN_STYLE = Automatic;
				CURRENT_PROJECT_VERSION = 1;
				DEVELOPMENT_TEAM = KS5GD74J24;
				GENERATE_INFOPLIST_FILE = YES;
				MARKETING_VERSION = 1.0;
				PRODUCT_BUNDLE_IDENTIFIER = com.test.app.TestCIUITests;
				PRODUCT_NAME = "$(TARGET_NAME)";
				SWIFT_EMIT_LOC_STRINGS = NO;
				SWIFT_VERSION = 5.0;
				TARGETED_DEVICE_FAMILY = "1,2";
				TEST_TARGET_NAME = TestCI;
			};
			name = Release;
		};
/* End XCBuildConfiguration section */

/* Begin XCConfigurationList section */
		548F8ED72A1B929F0046BE4D /* Build configuration list for PBXProject "TestCI" */ = {
			isa = XCConfigurationList;
			buildConfigurations = (
				548F8F042A1B92A10046BE4D /* Debug */,
				548F8F052A1B92A10046BE4D /* Release */,
			);
			defaultConfigurationIsVisible = 0;
			defaultConfigurationName = Release;
		};
		548F8F062A1B92A10046BE4D /* Build configuration list for PBXNativeTarget "TestCI" */ = {
			isa = XCConfigurationList;
			buildConfigurations = (
				548F8F072A1B92A10046BE4D /* Debug */,
				548F8F082A1B92A10046BE4D /* Release */,
			);
			defaultConfigurationIsVisible = 0;
			defaultConfigurationName = Release;
		};
		548F8F092A1B92A10046BE4D /* Build configuration list for PBXNativeTarget "TestCITests" */ = {
			isa = XCConfigurationList;
			buildConfigurations = (
				548F8F0A2A1B92A10046BE4D /* Debug */,
				548F8F0B2A1B92A10046BE4D /* Release */,
			);
			defaultConfigurationIsVisible = 0;
			defaultConfigurationName = Release;
		};
		548F8F0C2A1B92A10046BE4D /* Build configuration list for PBXNativeTarget "TestCIUITests" */ = {
			isa = XCConfigurationList;
			buildConfigurations = (
				548F8F0D2A1B92A10046BE4D /* Debug */,
				548F8F0E2A1B92A10046BE4D /* Release */,
			);
			defaultConfigurationIsVisible = 0;
			defaultConfigurationName = Release;
		};
/* End XCConfigurationList section */
	};
	rootObject = 548F8ED42A1B929F0046BE4D /* Project object */;
}
